<?xml version="1.0" encoding="utf-8"?>
<Project ToolsVersion="4.0" xmlns="http://schemas.microsoft.com/developer/msbuild/2003">
  <ItemGroup>
    <Filter Include="Header Files">
      <UniqueIdentifier>{15e8e6bf-2781-33ac-15e8-e6bf278133ac}</UniqueIdentifier>
    </Filter>
    <Filter Include="Source Files">
      <UniqueIdentifier>{8551ad02-ce46-78fe-8551-ad02ce4678fe}</UniqueIdentifier>
    </Filter>
  </ItemGroup>
  <ItemGroup>
    <ClCompile Include="Composite.cpp">
      <Filter>Source Files</Filter>
    </ClCompile>
    <ClCompile Include="InputFilter.cpp">
      <Filter>Source Files</Filter>
    </ClCompile>
    <ClCompile Include="Present.cpp">
      <Filter>Source Files</Filter>
    </ClCompile>
    <ClCompile Include="SceneData.cpp">
      <Filter>Source Files</Filter>
    </ClCompile>
  </ItemGroup>
  <ItemGroup>
    <ClInclude Include="Composite.h">
      <Filter>Header Files</Filter>
    </ClInclude>
    <ClInclude Include="FrameShare.h">
      <Filter>Header Files</Filter>
    </ClInclude>
    <ClInclude Include="InputFilter.h">
      <Filter>Header Files</Filter>
    </ClInclude>
    <ClInclude Include="InputShare.h">
      <Filter>Header Files</Filter>
    </ClInclude>
    <ClInclude Include="MarkerShare.h">
      <Filter>Header Files</Filter>
    </ClInclude>
    <ClInclude Include="NetProbeShare.h">
      <Filter>Header Files</Filter>
    </ClInclude>
    <ClInclude Include="NetShare.h">
      <Filter>Header Files</Filter>
    </ClInclude>
    <ClInclude Include="Present.h">
      <Filter>Header Files</Filter>
    </ClInclude>
    <ClInclude Include="RenderShare.h">
      <Filter>Header Files</Filter>
    </ClInclude>
    <ClInclude Include="SceneShare.h">
      <Filter>Header Files</Filter>
    </ClInclude>
    <ClInclude Include="VarcShare.h">
      <Filter>Header Files</Filter>
    </ClInclude>
  </ItemGroup>
</Project>
